version: 2.0
shards:
  crystal-fann:
    git: https://github.com/NeuraLegion/crystal-fann.git
    version: 1.1.1

  stumpy_core:
    git: https://github.com/stumpycr/stumpy_core.git
    version: 1.9.1

  stumpy_png:
    git: https://github.com/stumpycr/stumpy_png.git
    version: 4.5.2

  x_do:
    git: https://github.com/woodruffw/x_do.cr.git
    version: 0.8.1

